{
  "version": 4,
  "terraform_version": "1.4.5",
  "serial": 13,
  "lineage": "ff29bdd0-2918-58cf-47c3-47e911083fad",
  "outputs": {},
  "resources": [
    {
      "mode": "managed",
      "type": "azurerm_resource_group",
      "name": "devops-rg",
      "provider": "provider[\"registry.terraform.io/hashicorp/azurerm\"]",
      "instances": [
        {
          "schema_version": 0,
          "attributes": {
            "id": "/subscriptions/2f988b10-9ba2-4c26-8472-c863d0ff88e4/resourceGroups/staterg",
            "location": "eastus",
            "name": "staterg",
            "tags": {},
            "timeouts": null
          },
          "sensitive_attributes": [],
          "private": "eyJlMmJmYjczMC1lY2FhLTExZTYtOGY4OC0zNDM2M2JjN2M0YzAiOnsiY3JlYXRlIjo1NDAwMDAwMDAwMDAwLCJkZWxldGUiOjU0MDAwMDAwMDAwMDAsInJlYWQiOjMwMDAwMDAwMDAwMCwidXBkYXRlIjo1NDAwMDAwMDAwMDAwfX0="
        }
      ]
    },
    {
      "mode": "managed",
      "type": "azurerm_storage_account",
      "name": "dev_sa",
      "provider": "provider[\"registry.terraform.io/hashicorp/azurerm\"]",
      "instances": [
        {
          "schema_version": 3,
          "attributes": {
            "access_tier": "Hot",
            "account_kind": "StorageV2",
            "account_replication_type": "LRS",
            "account_tier": "Standard",
            "allow_nested_items_to_be_public": true,
            "azure_files_authentication": [],
            "blob_properties": [
              {
                "change_feed_enabled": false,
                "container_delete_retention_policy": [],
                "cors_rule": [],
                "default_service_version": "",
                "delete_retention_policy": [],
                "last_access_time_enabled": false,
                "versioning_enabled": false
              }
            ],
            "custom_domain": [],
            "customer_managed_key": [],
            "edge_zone": "",
            "enable_https_traffic_only": true,
            "id": "/subscriptions/2f988b10-9ba2-4c26-8472-c863d0ff88e4/resourceGroups/staterg/providers/Microsoft.Storage/storageAccounts/statesasuj",
            "identity": [],
            "infrastructure_encryption_enabled": false,
            "is_hns_enabled": false,
            "large_file_share_enabled": null,
            "location": "eastus",
            "min_tls_version": "TLS1_2",
            "name": "statesasuj",
            "network_rules": [
              {
                "bypass": [
                  "AzureServices"
                ],
                "default_action": "Allow",
                "ip_rules": [],
                "private_link_access": [],
                "virtual_network_subnet_ids": []
              }
            ],
            "nfsv3_enabled": false,
            "primary_access_key": "WLP7QhsNlsIxj54C7EDMxqYlT2rJev6xbvu7fhnBJwfSJ0dtieYNBslERS535J5dAmPz7cH+hmi5+ASt33ZALg==",
            "primary_blob_connection_string": "DefaultEndpointsProtocol=https;BlobEndpoint=https://statesasuj.blob.core.windows.net/;AccountName=statesasuj;AccountKey=WLP7QhsNlsIxj54C7EDMxqYlT2rJev6xbvu7fhnBJwfSJ0dtieYNBslERS535J5dAmPz7cH+hmi5+ASt33ZALg==",
            "primary_blob_endpoint": "https://statesasuj.blob.core.windows.net/",
            "primary_blob_host": "statesasuj.blob.core.windows.net",
            "primary_connection_string": "DefaultEndpointsProtocol=https;AccountName=statesasuj;AccountKey=WLP7QhsNlsIxj54C7EDMxqYlT2rJev6xbvu7fhnBJwfSJ0dtieYNBslERS535J5dAmPz7cH+hmi5+ASt33ZALg==;EndpointSuffix=core.windows.net",
            "primary_dfs_endpoint": "https://statesasuj.dfs.core.windows.net/",
            "primary_dfs_host": "statesasuj.dfs.core.windows.net",
            "primary_file_endpoint": "https://statesasuj.file.core.windows.net/",
            "primary_file_host": "statesasuj.file.core.windows.net",
            "primary_location": "eastus",
            "primary_queue_endpoint": "https://statesasuj.queue.core.windows.net/",
            "primary_queue_host": "statesasuj.queue.core.windows.net",
            "primary_table_endpoint": "https://statesasuj.table.core.windows.net/",
            "primary_table_host": "statesasuj.table.core.windows.net",
            "primary_web_endpoint": "https://statesasuj.z13.web.core.windows.net/",
            "primary_web_host": "statesasuj.z13.web.core.windows.net",
            "queue_encryption_key_type": "Service",
            "queue_properties": [
              {
                "cors_rule": [],
                "hour_metrics": [
                  {
                    "enabled": true,
                    "include_apis": true,
                    "retention_policy_days": 7,
                    "version": "1.0"
                  }
                ],
                "logging": [
                  {
                    "delete": false,
                    "read": false,
                    "retention_policy_days": 0,
                    "version": "1.0",
                    "write": false
                  }
                ],
                "minute_metrics": [
                  {
                    "enabled": false,
                    "include_apis": false,
                    "retention_policy_days": 0,
                    "version": "1.0"
                  }
                ]
              }
            ],
            "resource_group_name": "staterg",
            "routing": [],
            "secondary_access_key": "c0IATpo5/oRvk1jiga3mtGhbdgteypJBsLYL2dD9OiwQcNirzZEoYHiFmwMatXe+Hvm4gkEw7A0H+AStqRlo6A==",
            "secondary_blob_connection_string": "",
            "secondary_blob_endpoint": null,
            "secondary_blob_host": null,
            "secondary_connection_string": "DefaultEndpointsProtocol=https;AccountName=statesasuj;AccountKey=c0IATpo5/oRvk1jiga3mtGhbdgteypJBsLYL2dD9OiwQcNirzZEoYHiFmwMatXe+Hvm4gkEw7A0H+AStqRlo6A==;EndpointSuffix=core.windows.net",
            "secondary_dfs_endpoint": null,
            "secondary_dfs_host": null,
            "secondary_file_endpoint": null,
            "secondary_file_host": null,
            "secondary_location": "",
            "secondary_queue_endpoint": null,
            "secondary_queue_host": null,
            "secondary_table_endpoint": null,
            "secondary_table_host": null,
            "secondary_web_endpoint": null,
            "secondary_web_host": null,
            "share_properties": [
              {
                "cors_rule": [],
                "retention_policy": [
                  {
                    "days": 7
                  }
                ],
                "smb": []
              }
            ],
            "shared_access_key_enabled": true,
            "static_website": [],
            "table_encryption_key_type": "Service",
            "tags": null,
            "timeouts": null
          },
          "sensitive_attributes": [],
          "private": "eyJlMmJmYjczMC1lY2FhLTExZTYtOGY4OC0zNDM2M2JjN2M0YzAiOnsiY3JlYXRlIjozNjAwMDAwMDAwMDAwLCJkZWxldGUiOjM2MDAwMDAwMDAwMDAsInJlYWQiOjMwMDAwMDAwMDAwMCwidXBkYXRlIjozNjAwMDAwMDAwMDAwfSwic2NoZW1hX3ZlcnNpb24iOiIzIn0=",
          "dependencies": [
            "azurerm_resource_group.devops-rg"
          ]
        }
      ]
    }
  ],
  "check_results": null
}
